[root]
name = "example-triangle"
version = "0.1.0"
dependencies = [
 "gfx 0.1.0",
 "gl_init_platform 0.1.0",
 "glfw_platform 0.1.0",
]

[[package]]
name = "comm"
version = "0.1.0"

[[package]]
name = "device"
version = "0.1.0"
dependencies = [
 "comm 0.1.0",
 "gl 0.0.1 (git+https://github.com/bjz/gl-rs.git#f0361dd780c1b2fb911e83fbb2071e29089cc572)",
]

[[package]]
name = "gfx"
version = "0.1.0"
dependencies = [
 "device 0.1.0",
 "gfx_macros 0.1.0",
 "render 0.1.0",
]

[[package]]
name = "gfx_macros"
version = "0.1.0"

[[package]]
name = "gl"
version = "0.0.1"
source = "git+https://github.com/bjz/gl-rs.git#f0361dd780c1b2fb911e83fbb2071e29089cc572"
dependencies = [
 "gl_generator 0.0.1 (git+https://github.com/bjz/gl-rs.git#f0361dd780c1b2fb911e83fbb2071e29089cc572)",
]

[[package]]
name = "gl-init-rs"
version = "0.0.1"
source = "git+https://github.com/tomaka/gl-init-rs.git#52cccb8ddadbfff338b627d4f8c654840be1840b"

[[package]]
name = "gl_generator"
version = "0.0.1"
source = "git+https://github.com/bjz/gl-rs.git#f0361dd780c1b2fb911e83fbb2071e29089cc572"
dependencies = [
 "sax-rs 0.0.1 (git+https://github.com/bjz/sax-rs#fa887b57b69f962f9dfd2736a3cb221cdee91f2f)",
]

[[package]]
name = "gl_init_platform"
version = "0.1.0"
dependencies = [
 "device 0.1.0",
 "gl-init-rs 0.0.1 (git+https://github.com/tomaka/gl-init-rs.git#52cccb8ddadbfff338b627d4f8c654840be1840b)",
]

[[package]]
name = "glfw"
version = "0.0.1"
source = "git+https://github.com/bjz/glfw-rs.git#91c77bd20dd481fa0a9fc9d10d4c0367986ebac7"

[[package]]
name = "glfw_platform"
version = "0.1.0"
dependencies = [
 "device 0.1.0",
 "gfx 0.1.0",
 "glfw 0.0.1 (git+https://github.com/bjz/glfw-rs.git#91c77bd20dd481fa0a9fc9d10d4c0367986ebac7)",
]

[[package]]
name = "render"
version = "0.1.0"
dependencies = [
 "device 0.1.0",
]

[[package]]
name = "sax-rs"
version = "0.0.1"
source = "git+https://github.com/bjz/sax-rs#fa887b57b69f962f9dfd2736a3cb221cdee91f2f"

